
Microsoft Visual Studio Solution File, Format Version 12.00
# Visual Studio 15
VisualStudioVersion = 15.0.27428.2011
MinimumVisualStudioVersion = 10.0.40219.1
Project("{FAE04EC0-301F-11D3-BF4B-00C04F79EFBC}") = "Rat.RNSM", "Rat.RNSM\Rat.RNSM.csproj", "{95A59DA4-6166-42A4-80BD-67260CB0ABFA}"
EndProject
Project("{FAE04EC0-301F-11D3-BF4B-00C04F79EFBC}") = "Rat.RNSM.Thrift", "Rat.RNSM.Thrift\Rat.RNSM.Thrift.csproj", "{A6A71B8C-6B94-454B-B492-BECF18150C97}"
EndProject
Global
	GlobalSection(SolutionConfigurationPlatforms) = preSolution
		Debug|Any CPU = Debug|Any CPU
		Release|Any CPU = Release|Any CPU
	EndGlobalSection
	GlobalSection(ProjectConfigurationPlatforms) = postSolution
		{95A59DA4-6166-42A4-80BD-67260CB0ABFA}.Debug|Any CPU.ActiveCfg = Debug|Any CPU
		{95A59DA4-6166-42A4-80BD-67260CB0ABFA}.Debug|Any CPU.Build.0 = Debug|Any CPU
		{95A59DA4-6166-42A4-80BD-67260CB0ABFA}.Release|Any CPU.ActiveCfg = Release|Any CPU
		{95A59DA4-6166-42A4-80BD-67260CB0ABFA}.Release|Any CPU.Build.0 = Release|Any CPU
		{A6A71B8C-6B94-454B-B492-BECF18150C97}.Debug|Any CPU.ActiveCfg = Debug|Any CPU
		{A6A71B8C-6B94-454B-B492-BECF18150C97}.Debug|Any CPU.Build.0 = Debug|Any CPU
		{A6A71B8C-6B94-454B-B492-BECF18150C97}.Release|Any CPU.ActiveCfg = Release|Any CPU
		{A6A71B8C-6B94-454B-B492-BECF18150C97}.Release|Any CPU.Build.0 = Release|Any CPU
	EndGlobalSection
	GlobalSection(SolutionProperties) = preSolution
		HideSolutionNode = FALSE
	EndGlobalSection
	GlobalSection(ExtensibilityGlobals) = postSolution
		SolutionGuid = {6A69C9AB-4E04-4982-B563-8D1EA82DF1DD}
	EndGlobalSection
EndGlobal
